
Microsoft Visual Studio Solution File, Format Version 12.00
# Visual Studio Version 17
VisualStudioVersion = 17.0.31903.59
MinimumVisualStudioVersion = 10.0.40219.1
Project("{FAE04EC0-301F-11D3-BF4B-00C04F79EFBC}") = "PS2Challenge.Main", "src\PS2Challenge.Main\PS2Challenge.Main.csproj", "{A1B2C3D4-E5F6-4A5B-8C9D-0E1F2A3B4C5D}"
EndProject
Project("{FAE04EC0-301F-11D3-BF4B-00C04F79EFBC}") = "PS2Challenge.Backend", "src\PS2Challenge.Backend\PS2Challenge.Backend.csproj", "{C3D4E5F6-A7B8-4C5D-9E0F-1A2B3C4D5E6F}"
EndProject
Project("{2150E333-8FDC-42A3-9474-1A3956D46DE8}") = "src", "src", "{827E0CD3-B72D-47B6-A68D-7590B98EB39B}"
EndProject
Project("{FAE04EC0-301F-11D3-BF4B-00C04F79EFBC}") = "PS2Challenge.Backend.Tests", "src\PS2Challenge.Backend.Tests\PS2Challenge.Backend.Tests.csproj", "{4D61BB02-F354-4907-B5EB-4AB6195BFBC3}"
EndProject
Project("{FAE04EC0-301F-11D3-BF4B-00C04F79EFBC}") = "PS2Challenge.Main.Tests", "src\PS2Challenge.Main.Tests\PS2Challenge.Main.Tests.csproj", "{D6F1472B-91EB-4A1E-88C1-7D471D16509D}"
EndProject
Project("{FAE04EC0-301F-11D3-BF4B-00C04F79EFBC}") = "PS2Challenge.IntegrationTests", "src\PS2Challenge.IntegrationTests\PS2Challenge.IntegrationTests.csproj", "{3B5F9F68-F847-47C5-BE5C-BEAB68B2AF9E}"
EndProject
Project("{2150E333-8FDC-42A3-9474-1A3956D46DE8}") = "Tests", "Tests", "{02EA681E-C7D8-13C7-8484-4AC65E1B71E8}"
EndProject
Global
	GlobalSection(SolutionConfigurationPlatforms) = preSolution
		Debug|Any CPU = Debug|Any CPU
		Debug|x64 = Debug|x64
		Debug|x86 = Debug|x86
		Release|Any CPU = Release|Any CPU
		Release|x64 = Release|x64
		Release|x86 = Release|x86
	EndGlobalSection
	GlobalSection(ProjectConfigurationPlatforms) = postSolution
		{A1B2C3D4-E5F6-4A5B-8C9D-0E1F2A3B4C5D}.Debug|Any CPU.ActiveCfg = Debug|Any CPU
		{A1B2C3D4-E5F6-4A5B-8C9D-0E1F2A3B4C5D}.Debug|Any CPU.Build.0 = Debug|Any CPU
		{A1B2C3D4-E5F6-4A5B-8C9D-0E1F2A3B4C5D}.Debug|x64.ActiveCfg = Debug|Any CPU
		{A1B2C3D4-E5F6-4A5B-8C9D-0E1F2A3B4C5D}.Debug|x64.Build.0 = Debug|Any CPU
		{A1B2C3D4-E5F6-4A5B-8C9D-0E1F2A3B4C5D}.Debug|x86.ActiveCfg = Debug|Any CPU
		{A1B2C3D4-E5F6-4A5B-8C9D-0E1F2A3B4C5D}.Debug|x86.Build.0 = Debug|Any CPU
		{A1B2C3D4-E5F6-4A5B-8C9D-0E1F2A3B4C5D}.Release|Any CPU.ActiveCfg = Release|Any CPU
		{A1B2C3D4-E5F6-4A5B-8C9D-0E1F2A3B4C5D}.Release|Any CPU.Build.0 = Release|Any CPU
		{A1B2C3D4-E5F6-4A5B-8C9D-0E1F2A3B4C5D}.Release|x64.ActiveCfg = Release|Any CPU
		{A1B2C3D4-E5F6-4A5B-8C9D-0E1F2A3B4C5D}.Release|x64.Build.0 = Release|Any CPU
		{A1B2C3D4-E5F6-4A5B-8C9D-0E1F2A3B4C5D}.Release|x86.ActiveCfg = Release|Any CPU
		{A1B2C3D4-E5F6-4A5B-8C9D-0E1F2A3B4C5D}.Release|x86.Build.0 = Release|Any CPU
		{C3D4E5F6-A7B8-4C5D-9E0F-1A2B3C4D5E6F}.Debug|Any CPU.ActiveCfg = Debug|Any CPU
		{C3D4E5F6-A7B8-4C5D-9E0F-1A2B3C4D5E6F}.Debug|Any CPU.Build.0 = Debug|Any CPU
		{C3D4E5F6-A7B8-4C5D-9E0F-1A2B3C4D5E6F}.Debug|x64.ActiveCfg = Debug|Any CPU
		{C3D4E5F6-A7B8-4C5D-9E0F-1A2B3C4D5E6F}.Debug|x64.Build.0 = Debug|Any CPU
		{C3D4E5F6-A7B8-4C5D-9E0F-1A2B3C4D5E6F}.Debug|x86.ActiveCfg = Debug|Any CPU
		{C3D4E5F6-A7B8-4C5D-9E0F-1A2B3C4D5E6F}.Debug|x86.Build.0 = Debug|Any CPU
		{C3D4E5F6-A7B8-4C5D-9E0F-1A2B3C4D5E6F}.Release|Any CPU.ActiveCfg = Release|Any CPU
		{C3D4E5F6-A7B8-4C5D-9E0F-1A2B3C4D5E6F}.Release|Any CPU.Build.0 = Release|Any CPU
		{C3D4E5F6-A7B8-4C5D-9E0F-1A2B3C4D5E6F}.Release|x64.ActiveCfg = Release|Any CPU
		{C3D4E5F6-A7B8-4C5D-9E0F-1A2B3C4D5E6F}.Release|x64.Build.0 = Release|Any CPU
		{C3D4E5F6-A7B8-4C5D-9E0F-1A2B3C4D5E6F}.Release|x86.ActiveCfg = Release|Any CPU
		{C3D4E5F6-A7B8-4C5D-9E0F-1A2B3C4D5E6F}.Release|x86.Build.0 = Release|Any CPU
		{4D61BB02-F354-4907-B5EB-4AB6195BFBC3}.Debug|Any CPU.ActiveCfg = Debug|Any CPU
		{4D61BB02-F354-4907-B5EB-4AB6195BFBC3}.Debug|Any CPU.Build.0 = Debug|Any CPU
		{4D61BB02-F354-4907-B5EB-4AB6195BFBC3}.Debug|x64.ActiveCfg = Debug|Any CPU
		{4D61BB02-F354-4907-B5EB-4AB6195BFBC3}.Debug|x64.Build.0 = Debug|Any CPU
		{4D61BB02-F354-4907-B5EB-4AB6195BFBC3}.Debug|x86.ActiveCfg = Debug|Any CPU
		{4D61BB02-F354-4907-B5EB-4AB6195BFBC3}.Debug|x86.Build.0 = Debug|Any CPU
		{4D61BB02-F354-4907-B5EB-4AB6195BFBC3}.Release|Any CPU.ActiveCfg = Release|Any CPU
		{4D61BB02-F354-4907-B5EB-4AB6195BFBC3}.Release|Any CPU.Build.0 = Release|Any CPU
		{4D61BB02-F354-4907-B5EB-4AB6195BFBC3}.Release|x64.ActiveCfg = Release|Any CPU
		{4D61BB02-F354-4907-B5EB-4AB6195BFBC3}.Release|x64.Build.0 = Release|Any CPU
		{4D61BB02-F354-4907-B5EB-4AB6195BFBC3}.Release|x86.ActiveCfg = Release|Any CPU
		{4D61BB02-F354-4907-B5EB-4AB6195BFBC3}.Release|x86.Build.0 = Release|Any CPU
		{D6F1472B-91EB-4A1E-88C1-7D471D16509D}.Debug|Any CPU.ActiveCfg = Debug|Any CPU
		{D6F1472B-91EB-4A1E-88C1-7D471D16509D}.Debug|Any CPU.Build.0 = Debug|Any CPU
		{D6F1472B-91EB-4A1E-88C1-7D471D16509D}.Debug|x64.ActiveCfg = Debug|Any CPU
		{D6F1472B-91EB-4A1E-88C1-7D471D16509D}.Debug|x64.Build.0 = Debug|Any CPU
		{D6F1472B-91EB-4A1E-88C1-7D471D16509D}.Debug|x86.ActiveCfg = Debug|Any CPU
		{D6F1472B-91EB-4A1E-88C1-7D471D16509D}.Debug|x86.Build.0 = Debug|Any CPU
		{D6F1472B-91EB-4A1E-88C1-7D471D16509D}.Release|Any CPU.ActiveCfg = Release|Any CPU
		{D6F1472B-91EB-4A1E-88C1-7D471D16509D}.Release|Any CPU.Build.0 = Release|Any CPU
		{D6F1472B-91EB-4A1E-88C1-7D471D16509D}.Release|x64.ActiveCfg = Release|Any CPU
		{D6F1472B-91EB-4A1E-88C1-7D471D16509D}.Release|x64.Build.0 = Release|Any CPU
		{D6F1472B-91EB-4A1E-88C1-7D471D16509D}.Release|x86.ActiveCfg = Release|Any CPU
		{D6F1472B-91EB-4A1E-88C1-7D471D16509D}.Release|x86.Build.0 = Release|Any CPU
		{3B5F9F68-F847-47C5-BE5C-BEAB68B2AF9E}.Debug|Any CPU.ActiveCfg = Debug|Any CPU
		{3B5F9F68-F847-47C5-BE5C-BEAB68B2AF9E}.Debug|Any CPU.Build.0 = Debug|Any CPU
		{3B5F9F68-F847-47C5-BE5C-BEAB68B2AF9E}.Debug|x64.ActiveCfg = Debug|Any CPU
		{3B5F9F68-F847-47C5-BE5C-BEAB68B2AF9E}.Debug|x64.Build.0 = Debug|Any CPU
		{3B5F9F68-F847-47C5-BE5C-BEAB68B2AF9E}.Debug|x86.ActiveCfg = Debug|Any CPU
		{3B5F9F68-F847-47C5-BE5C-BEAB68B2AF9E}.Debug|x86.Build.0 = Debug|Any CPU
		{3B5F9F68-F847-47C5-BE5C-BEAB68B2AF9E}.Release|Any CPU.ActiveCfg = Release|Any CPU
		{3B5F9F68-F847-47C5-BE5C-BEAB68B2AF9E}.Release|Any CPU.Build.0 = Release|Any CPU
		{3B5F9F68-F847-47C5-BE5C-BEAB68B2AF9E}.Release|x64.ActiveCfg = Release|Any CPU
		{3B5F9F68-F847-47C5-BE5C-BEAB68B2AF9E}.Release|x64.Build.0 = Release|Any CPU
		{3B5F9F68-F847-47C5-BE5C-BEAB68B2AF9E}.Release|x86.ActiveCfg = Release|Any CPU
		{3B5F9F68-F847-47C5-BE5C-BEAB68B2AF9E}.Release|x86.Build.0 = Release|Any CPU
	EndGlobalSection
	GlobalSection(SolutionProperties) = preSolution
		HideSolutionNode = FALSE
	EndGlobalSection
	GlobalSection(NestedProjects) = preSolution
		{4D61BB02-F354-4907-B5EB-4AB6195BFBC3} = {02EA681E-C7D8-13C7-8484-4AC65E1B71E8}
		{D6F1472B-91EB-4A1E-88C1-7D471D16509D} = {02EA681E-C7D8-13C7-8484-4AC65E1B71E8}
		{3B5F9F68-F847-47C5-BE5C-BEAB68B2AF9E} = {02EA681E-C7D8-13C7-8484-4AC65E1B71E8}
		{02EA681E-C7D8-13C7-8484-4AC65E1B71E8} = {827E0CD3-B72D-47B6-A68D-7590B98EB39B}
	EndGlobalSection
EndGlobal
